// !$*UTF8*$!
{
	archiveVersion = 1;
	classes = {
	};
	objectVersion = 50;
	objects = {

/* Begin PBXBuildFile section */
		67BD0C9823C3883E004ECCC4 /* AppDelegate.swift in Sources */ = {isa = PBXBuildFile; fileRef = 67BD0C9723C3883E004ECCC4 /* AppDelegate.swift */; };
		67BD0C9A23C3883E004ECCC4 /* SceneDelegate.swift in Sources */ = {isa = PBXBuildFile; fileRef = 67BD0C9923C3883E004ECCC4 /* SceneDelegate.swift */; };
		67BD0C9C23C3883E004ECCC4 /* ViewController.swift in Sources */ = {isa = PBXBuildFile; fileRef = 67BD0C9B23C3883E004ECCC4 /* ViewController.swift */; };
		67BD0C9F23C3883E004ECCC4 /* Main.storyboard in Resources */ = {isa = PBXBuildFile; fileRef = 67BD0C9D23C3883E004ECCC4 /* Main.storyboard */; };
		67BD0CA123C38843004ECCC4 /* Assets.xcassets in Resources */ = {isa = PBXBuildFile; fileRef = 67BD0CA023C38843004ECCC4 /* Assets.xcassets */; };
		67BD0CA423C38843004ECCC4 /* LaunchScreen.storyboard in Resources */ = {isa = PBXBuildFile; fileRef = 67BD0CA223C38843004ECCC4 /* LaunchScreen.storyboard */; };
/* End PBXBuildFile section */

/* Begin PBXFileReference section */
		67BD0C9423C3883E004ECCC4 /* TestSPM.app */ = {isa = PBXFileReference; explicitFileType = wrapper.application; includeInIndex = 0; path = TestSPM.app; sourceTree = BUILT_PRODUCTS_DIR; };
		67BD0C9723C3883E004ECCC4 /* AppDelegate.swift */ = {isa = PBXFileReference; lastKnownFileType = sourcecode.swift; path = AppDelegate.swift; sourceTree = "<group>"; };
		67BD0C9923C3883E004ECCC4 /* SceneDelegate.swift */ = {isa = PBXFileReference; lastKnownFileType = sourcecode.swift; path = SceneDelegate.swift; sourceTree = "<group>"; };
		67BD0C9B23C3883E004ECCC4 /* ViewController.swift */ = {isa = PBXFileReference; lastKnownFileType = sourcecode.swift; path = ViewController.swift; sourceTree = "<group>"; };
		67BD0C9E23C3883E004ECCC4 /* Base */ = {isa = PBXFileReference; lastKnownFileType = file.storyboard; name = Base; path = Base.lproj/Main.storyboard; sourceTree = "<group>"; };
		67BD0CA023C38843004ECCC4 /* Assets.xcassets */ = {isa = PBXFileReference; lastKnownFileType = folder.assetcatalog; path = Assets.xcassets; sourceTree = "<group>"; };
		67BD0CA323C38843004ECCC4 /* Base */ = {isa = PBXFileReference; lastKnownFileType = file.storyboard; name = Base; path = Base.lproj/LaunchScreen.storyboard; sourceTree = "<group>"; };
		67BD0CA523C38843004ECCC4 /* Info.plist */ = {isa = PBXFileReference; lastKnownFileType = text.plist.xml; path = Info.plist; sourceTree = "<group>"; };
/* End PBXFileReference section */

/* Begin PBXFrameworksBuildPhase section */
		67BD0C9123C3883E004ECCC4 /* Frameworks */ = {
			isa = PBXFrameworksBuildPhase;
			buildActionMask = 2147483647;
			files = (
			);
			runOnlyForDeploymentPostprocessing = 0;
		};
/* End PBXFrameworksBuildPhase section */

/* Begin PBXGroup section */
		67BD0C8B23C3883E004ECCC4 = {
			isa = PBXGroup;
			children = (
				67BD0C9623C3883E004ECCC4 /* TestSPM */,
				67BD0C9523C3883E004ECCC4 /* Products */,
			);
			sourceTree = "<group>";
		};
		67BD0C9523C3883E004ECCC4 /* Products */ = {
			isa = PBXGroup;
			children = (
				67BD0C9423C3883E004ECCC4 /* TestSPM.app */,
			);
			name = Products;
			sourceTree = "<group>";
		};
		67BD0C9623C3883E004ECCC4 /* TestSPM */ = {
			isa = PBXGroup;
			children = (
				67BD0C9723C3883E004ECCC4 /* AppDelegate.swift */,
				67BD0C9923C3883E004ECCC4 /* SceneDelegate.swift */,
				67BD0C9B23C3883E004ECCC4 /* ViewController.swift */,
				67BD0C9D23C3883E004ECCC4 /* Main.storyboard */,
				67BD0CA023C38843004ECCC4 /* Assets.xcassets */,
				67BD0CA223C38843004ECCC4 /* LaunchScreen.storyboard */,
				67BD0CA523C38843004ECCC4 /* Info.plist */,
			);
			path = TestSPM;
			sourceTree = "<group>";
		};
/* End PBXGroup section */

/* Begin PBXNativeTarget section */
		67BD0C9323C3883E004ECCC4 /* TestSPM */ = {
			isa = PBXNativeTarget;
			buildConfigurationList = 67BD0CA823C38843004ECCC4 /* Build configuration list for PBXNativeTarget "TestSPM" */;
			buildPhases = (
				67BD0C9023C3883E004ECCC4 /* Sources */,
				67BD0C9123C3883E004ECCC4 /* Frameworks */,
				67BD0C9223C3883E004ECCC4 /* Resources */,
			);
			buildRules = (
			);
			dependencies = (
			);
			name = TestSPM;
			productName = TestSPM;
			productReference = 67BD0C9423C3883E004ECCC4 /* TestSPM.app */;
			productType = "com.apple.product-type.application";
		};
/* End PBXNativeTarget section */

/* Begin PBXProject section */
		67BD0C8C23C3883E004ECCC4 /* Project object */ = {
			isa = PBXProject;
			attributes = {
				LastSwiftUpdateCheck = 1130;
				LastUpgradeCheck = 1130;
				ORGANIZATIONNAME = LinkAja;
				TargetAttributes = {
					67BD0C9323C3883E004ECCC4 = {
						CreatedOnToolsVersion = 11.3;
					};
				};
			};
			buildConfigurationList = 67BD0C8F23C3883E004ECCC4 /* Build configuration list for PBXProject "TestSPM" */;
			compatibilityVersion = "Xcode 9.3";
			developmentRegion = en;
			hasScannedForEncodings = 0;
			knownRegions = (
				en,
				Base,
			);
			mainGroup = 67BD0C8B23C3883E004ECCC4;
			productRefGroup = 67BD0C9523C3883E004ECCC4 /* Products */;
			projectDirPath = "";
			projectRoot = "";
			targets = (
				67BD0C9323C3883E004ECCC4 /* TestSPM */,
			);
		};
/* End PBXProject section */

/* Begin PBXResourcesBuildPhase section */
		67BD0C9223C3883E004ECCC4 /* Resources */ = {
			isa = PBXResourcesBuildPhase;
			buildActionMask = 2147483647;
			files = (
				67BD0CA423C38843004ECCC4 /* LaunchScreen.storyboard in Resources */,
				67BD0CA123C38843004ECCC4 /* Assets.xcassets in Resources */,
				67BD0C9F23C3883E004ECCC4 /* Main.storyboard in Resources */,
			);
			runOnlyForDeploymentPostprocessing = 0;
		};
/* End PBXResourcesBuildPhase section */

/* Begin PBXSourcesBuildPhase section */
		67BD0C9023C3883E004ECCC4 /* Sources */ = {
			isa = PBXSourcesBuildPhase;
			buildActionMask = 2147483647;
			files = (
				67BD0C9C23C3883E004ECCC4 /* ViewController.swift in Sources */,
				67BD0C9823C3883E004ECCC4 /* AppDelegate.swift in Sources */,
				67BD0C9A23C3883E004ECCC4 /* SceneDelegate.swift in Sources */,
			);
			runOnlyForDeploymentPostprocessing = 0;
		};
/* End PBXSourcesBuildPhase section */

/* Begin PBXVariantGroup section */
		67BD0C9D23C3883E004ECCC4 /* Main.storyboard */ = {
			isa = PBXVariantGroup;
			children = (
				67BD0C9E23C3883E004ECCC4 /* Base */,
			);
			name = Main.storyboard;
			sourceTree = "<group>";
		};
		67BD0CA223C38843004ECCC4 /* LaunchScreen.storyboard */ = {
			isa = PBXVariantGroup;
			children = (
				67BD0CA323C38843004ECCC4 /* Base */,
			);
			name = LaunchScreen.storyboard;
			sourceTree = "<group>";
		};
/* End PBXVariantGroup section */

/* Begin XCBuildConfiguration section */
		67BD0CA623C38843004ECCC4 /* Debug */ = {
			isa = XCBuildConfiguration;
			buildSettings = {
				ALWAYS_SEARCH_USER_PATHS = NO;
				CLANG_ANALYZER_NONNULL = YES;
				CLANG_ANALYZER_NUMBER_OBJECT_CONVERSION = YES_AGGRESSIVE;
				CLANG_CXX_LANGUAGE_STANDARD = "gnu++14";
				CLANG_CXX_LIBRARY = "libc++";
				CLANG_ENABLE_MODULES = YES;
				CLANG_ENABLE_OBJC_ARC = YES;
				CLANG_ENABLE_OBJC_WEAK = YES;
				CLANG_WARN_BLOCK_CAPTURE_AUTORELEASING = YES;
				CLANG_WARN_BOOL_CONVERSION = YES;
				CLANG_WARN_COMMA = YES;
				CLANG_WARN_CONSTANT_CONVERSION = YES;
				CLANG_WARN_DEPRECATED_OBJC_IMPLEMENTATIONS = YES;
				CLANG_WARN_DIRECT_OBJC_ISA_USAGE = YES_ERROR;
				CLANG_WARN_DOCUMENTATION_COMMENTS = YES;
				CLANG_WARN_EMPTY_BODY = YES;
				CLANG_WARN_ENUM_CONVERSION = YES;
				CLANG_WARN_INFINITE_RECURSION = YES;
				CLANG_WARN_INT_CONVERSION = YES;
				CLANG_WARN_NON_LITERAL_NULL_CONVERSION = YES;
				CLANG_WARN_OBJC_IMPLICIT_RETAIN_SELF = YES;
				CLANG_WARN_OBJC_LITERAL_CONVERSION = YES;
				CLANG_WARN_OBJC_ROOT_CLASS = YES_ERROR;
				CLANG_WARN_RANGE_LOOP_ANALYSIS = YES;
				CLANG_WARN_STRICT_PROTOTYPES = YES;
				CLANG_WARN_SUSPICIOUS_MOVE = YES;
				CLANG_WARN_UNGUARDED_AVAILABILITY = YES_AGGRESSIVE;
				CLANG_WARN_UNREACHABLE_CODE = YES;
				CLANG_WARN__DUPLICATE_METHOD_MATCH = YES;
				COPY_PHASE_STRIP = NO;
				DEBUG_INFORMATION_FORMAT = dwarf;
				ENABLE_STRICT_OBJC_MSGSEND = YES;
				ENABLE_TESTABILITY = YES;
				GCC_C_LANGUAGE_STANDARD = gnu11;
				GCC_DYNAMIC_NO_PIC = NO;
				GCC_NO_COMMON_BLOCKS = YES;
				GCC_OPTIMIZATION_LEVEL = 0;
				GCC_PREPROCESSOR_DEFINITIONS = (
					"DEBUG=1",
					"$(inherited)",
				);
				GCC_WARN_64_TO_32_BIT_CONVERSION = YES;
				GCC_WARN_ABOUT_RETURN_TYPE = YES_ERROR;
				GCC_WARN_UNDECLARED_SELECTOR = YES;
				GCC_WARN_UNINITIALIZED_AUTOS = YES_AGGRESSIVE;
				GCC_WARN_UNUSED_FUNCTION = YES;
				GCC_WARN_UNUSED_VARIABLE = YES;
				IPHONEOS_DEPLOYMENT_TARGET = 13.2;
				MTL_ENABLE_DEBUG_INFO = INCLUDE_SOURCE;
				MTL_FAST_MATH = YES;
				ONLY_ACTIVE_ARCH = YES;
				SDKROOT = iphoneos;
				SWIFT_ACTIVE_COMPILATION_CONDITIONS = DEBUG;
				SWIFT_OPTIMIZATION_LEVEL = "-Onone";
			};
			name = Debug;
		};
		67BD0CA723C38843004ECCC4 /* Release */ = {
			isa = XCBuildConfiguration;
			buildSettings = {
				ALWAYS_SEARCH_USER_PATHS = NO;
				CLANG_ANALYZER_NONNULL = YES;
				CLANG_ANALYZER_NUMBER_OBJECT_CONVERSION = YES_AGGRESSIVE;
				CLANG_CXX_LANGUAGE_STANDARD = "gnu++14";
				CLANG_CXX_LIBRARY = "libc++";
				CLANG_ENABLE_MODULES = YES;
				CLANG_ENABLE_OBJC_ARC = YES;
				CLANG_ENABLE_OBJC_WEAK = YES;
				CLANG_WARN_BLOCK_CAPTURE_AUTORELEASING = YES;
				CLANG_WARN_BOOL_CONVERSION = YES;
				CLANG_WARN_COMMA = YES;
				CLANG_WARN_CONSTANT_CONVERSION = YES;
				CLANG_WARN_DEPRECATED_OBJC_IMPLEMENTATIONS = YES;
				CLANG_WARN_DIRECT_OBJC_ISA_USAGE = YES_ERROR;
				CLANG_WARN_DOCUMENTATION_COMMENTS = YES;
				CLANG_WARN_EMPTY_BODY = YES;
				CLANG_WARN_ENUM_CONVERSION = YES;
				CLANG_WARN_INFINITE_RECURSION = YES;
				CLANG_WARN_INT_CONVERSION = YES;
				CLANG_WARN_NON_LITERAL_NULL_CONVERSION = YES;
				CLANG_WARN_OBJC_IMPLICIT_RETAIN_SELF = YES;
				CLANG_WARN_OBJC_LITERAL_CONVERSION = YES;
				CLANG_WARN_OBJC_ROOT_CLASS = YES_ERROR;
				CLANG_WARN_RANGE_LOOP_ANALYSIS = YES;
				CLANG_WARN_STRICT_PROTOTYPES = YES;
				CLANG_WARN_SUSPICIOUS_MOVE = YES;
				CLANG_WARN_UNGUARDED_AVAILABILITY = YES_AGGRESSIVE;
				CLANG_WARN_UNREACHABLE_CODE = YES;
				CLANG_WARN__DUPLICATE_METHOD_MATCH = YES;
				COPY_PHASE_STRIP = NO;
				DEBUG_INFORMATION_FORMAT = "dwarf-with-dsym";
				ENABLE_NS_ASSERTIONS = NO;
				ENABLE_STRICT_OBJC_MSGSEND = YES;
				GCC_C_LANGUAGE_STANDARD = gnu11;
				GCC_NO_COMMON_BLOCKS = YES;
				GCC_WARN_64_TO_32_BIT_CONVERSION = YES;
				GCC_WARN_ABOUT_RETURN_TYPE = YES_ERROR;
				GCC_WARN_UNDECLARED_SELECTOR = YES;
				GCC_WARN_UNINITIALIZED_AUTOS = YES_AGGRESSIVE;
				GCC_WARN_UNUSED_FUNCTION = YES;
				GCC_WARN_UNUSED_VARIABLE = YES;
				IPHONEOS_DEPLOYMENT_TARGET = 13.2;
				MTL_ENABLE_DEBUG_INFO = NO;
				MTL_FAST_MATH = YES;
				SDKROOT = iphoneos;
				SWIFT_COMPILATION_MODE = wholemodule;
				SWIFT_OPTIMIZATION_LEVEL = "-O";
				VALIDATE_PRODUCT = YES;
			};
			name = Release;
		};
		67BD0CA923C38843004ECCC4 /* Debug */ = {
			isa = XCBuildConfiguration;
			buildSettings = {
				ASSETCATALOG_COMPILER_APPICON_NAME = AppIcon;
				CODE_SIGN_STYLE = Automatic;
				DEVELOPMENT_TEAM = 7A8TY7T8ZY;
				INFOPLIST_FILE = TestSPM/Info.plist;
				LD_RUNPATH_SEARCH_PATHS = (
					"$(inherited)",
					"@executable_path/Frameworks",
				);
				PRODUCT_BUNDLE_IDENTIFIER = com.telkomsel.wallet.TestSPM;
				PRODUCT_NAME = "$(TARGET_NAME)";
				SWIFT_VERSION = 5.0;
				TARGETED_DEVICE_FAMILY = "1,2";
			};
			name = Debug;
		};
		67BD0CAA23C38843004ECCC4 /* Release */ = {
			isa = XCBuildConfiguration;
			buildSettings = {
				ASSETCATALOG_COMPILER_APPICON_NAME = AppIcon;
				CODE_SIGN_STYLE = Automatic;
				DEVELOPMENT_TEAM = 7A8TY7T8ZY;
				INFOPLIST_FILE = TestSPM/Info.plist;
				LD_RUNPATH_SEARCH_PATHS = (
					"$(inherited)",
					"@executable_path/Frameworks",
				);
				PRODUCT_BUNDLE_IDENTIFIER = com.telkomsel.wallet.TestSPM;
				PRODUCT_NAME = "$(TARGET_NAME)";
				SWIFT_VERSION = 5.0;
				TARGETED_DEVICE_FAMILY = "1,2";
			};
			name = Release;
		};
/* End XCBuildConfiguration section */

/* Begin XCConfigurationList section */
		67BD0C8F23C3883E004ECCC4 /* Build configuration list for PBXProject "TestSPM" */ = {
			isa = XCConfigurationList;
			buildConfigurations = (
				67BD0CA623C38843004ECCC4 /* Debug */,
				67BD0CA723C38843004ECCC4 /* Release */,
			);
			defaultConfigurationIsVisible = 0;
			defaultConfigurationName = Release;
		};
		67BD0CA823C38843004ECCC4 /* Build configuration list for PBXNativeTarget "TestSPM" */ = {
			isa = XCConfigurationList;
			buildConfigurations = (
				67BD0CA923C38843004ECCC4 /* Debug */,
				67BD0CAA23C38843004ECCC4 /* Release */,
			);
			defaultConfigurationIsVisible = 0;
			defaultConfigurationName = Release;
		};
/* End XCConfigurationList section */
	};
	rootObject = 67BD0C8C23C3883E004ECCC4 /* Project object */;
}
